<?xml version="1.0" encoding="utf-8"?>
<Project ToolsVersion="4.0" xmlns="http://schemas.microsoft.com/developer/msbuild/2003">
  <ItemGroup>
    <Filter Include="Math">
      <UniqueIdentifier>{c8c5258d-11bc-454b-acdc-6a89d06bc290}</UniqueIdentifier>
    </Filter>
    <Filter Include="Core">
      <UniqueIdentifier>{5e54efce-d617-4e46-8512-cb974d33bb72}</UniqueIdentifier>
    </Filter>
    <Filter Include="Renderer">
      <UniqueIdentifier>{8c2bd9f8-fdd0-4792-8650-53a2d58d6dda}</UniqueIdentifier>
    </Filter>
    <Filter Include="Input">
      <UniqueIdentifier>{18f6fff3-9d2a-473d-92cc-10a2e2e796e7}</UniqueIdentifier>
    </Filter>
    <Filter Include="ThirdParty">
      <UniqueIdentifier>{7e7ece61-ca97-4b35-b14c-6fe17c90bc06}</UniqueIdentifier>
    </Filter>
    <Filter Include="Audio">
      <UniqueIdentifier>{f4b69f28-1769-4d90-aefd-6eacdff68509}</UniqueIdentifier>
    </Filter>
    <Filter Include="ThirdParty\fmod">
      <UniqueIdentifier>{a4527070-2ba4-4f51-a5a1-72292a8056ca}</UniqueIdentifier>
    </Filter>
    <Filter Include="ThirdParty\SquirrelNoise">
      <UniqueIdentifier>{067176a0-7441-4dec-8171-9942e5533632}</UniqueIdentifier>
    </Filter>
    <Filter Include="ThirdParty\gl">
      <UniqueIdentifier>{73b2b36d-ea95-48c5-9d3a-1e4f6e7a9ce7}</UniqueIdentifier>
    </Filter>
    <Filter Include="File">
      <UniqueIdentifier>{a4783172-3784-432d-8a8a-bf8a583c35ec}</UniqueIdentifier>
    </Filter>
    <Filter Include="Debug">
      <UniqueIdentifier>{6b075977-95f8-4575-b2e3-9fd6809b4bf0}</UniqueIdentifier>
    </Filter>
    <Filter Include="ThirdParty\mikkt">
      <UniqueIdentifier>{6de17311-4e6f-4be8-84a8-6780ba6dda5a}</UniqueIdentifier>
    </Filter>
    <Filter Include="Renderer\Material">
      <UniqueIdentifier>{adb3e03e-8aea-41c9-9b67-f43aa47d8866}</UniqueIdentifier>
    </Filter>
    <Filter Include="UI">
      <UniqueIdentifier>{76e7eac7-3bb2-4b9c-abe0-40e6bc3b67a6}</UniqueIdentifier>
    </Filter>
    <Filter Include="Physics">
      <UniqueIdentifier>{c42e88af-92d2-4433-b730-061cf5603958}</UniqueIdentifier>
    </Filter>
    <Filter Include="Profiler">
      <UniqueIdentifier>{ea55a2c7-dac6-4f41-90b6-6c6db637af6c}</UniqueIdentifier>
    </Filter>
  </ItemGroup>
  <ItemGroup>
    <ClCompile Include="Math\Vector2.cpp">
      <Filter>Math</Filter>
    </ClCompile>
    <ClCompile Include="Math\MathUtils.cpp">
      <Filter>Math</Filter>
    </ClCompile>
    <ClCompile Include="Math\AABB2.cpp">
      <Filter>Math</Filter>
    </ClCompile>
    <ClCompile Include="Math\Disc2.cpp">
      <Filter>Math</Filter>
    </ClCompile>
    <ClCompile Include="Core\Time.cpp">
      <Filter>Core</Filter>
    </ClCompile>
    <ClCompile Include="Core\Rgba.cpp">
      <Filter>Core</Filter>
    </ClCompile>
    <ClCompile Include="Renderer\Renderer.cpp">
      <Filter>Renderer</Filter>
    </ClCompile>
    <ClCompile Include="Input\InputSystem.cpp">
      <Filter>Input</Filter>
    </ClCompile>
    <ClCompile Include="Input\XboxController.cpp">
      <Filter>Input</Filter>
    </ClCompile>
    <ClCompile Include="Math\IntVector2.cpp">
      <Filter>Math</Filter>
    </ClCompile>
    <ClCompile Include="ThirdParty\stb_image.c">
      <Filter>ThirdParty</Filter>
    </ClCompile>
    <ClCompile Include="Renderer\Texture.cpp">
      <Filter>Renderer</Filter>
    </ClCompile>
    <ClCompile Include="Renderer\SpriteSheet.cpp">
      <Filter>Renderer</Filter>
    </ClCompile>
    <ClCompile Include="Math\IntRange.cpp">
      <Filter>Math</Filter>
    </ClCompile>
    <ClCompile Include="Math\FloatRange.cpp">
      <Filter>Math</Filter>
    </ClCompile>
    <ClCompile Include="Audio\AudioSystem.cpp">
      <Filter>Audio</Filter>
    </ClCompile>
    <ClCompile Include="Core\ErrorWarningAssert.cpp">
      <Filter>Core</Filter>
    </ClCompile>
    <ClCompile Include="Core\StringUtils.cpp">
      <Filter>Core</Filter>
    </ClCompile>
    <ClCompile Include="ThirdParty\tinyxml2.cpp">
      <Filter>ThirdParty</Filter>
    </ClCompile>
    <ClCompile Include="Core\XmlUtilities.cpp">
      <Filter>Core</Filter>
    </ClCompile>
    <ClCompile Include="Core\Blackboard.cpp">
      <Filter>Core</Filter>
    </ClCompile>
    <ClCompile Include="Core\EngineCommon.cpp">
      <Filter>Core</Filter>
    </ClCompile>
    <ClCompile Include="Renderer\BitmapFont.cpp">
      <Filter>Renderer</Filter>
    </ClCompile>
    <ClCompile Include="Core\Image.cpp">
      <Filter>Core</Filter>
    </ClCompile>
    <ClCompile Include="Math\Matrix44.cpp">
      <Filter>Math</Filter>
    </ClCompile>
    <ClCompile Include="Math\Vector3.cpp">
      <Filter>Math</Filter>
    </ClCompile>
    <ClCompile Include="Renderer\SpriteAnim.cpp">
      <Filter>Renderer</Filter>
    </ClCompile>
    <ClCompile Include="Renderer\SpriteAnimDefinition.cpp">
      <Filter>Renderer</Filter>
    </ClCompile>
    <ClCompile Include="Renderer\SpriteAnimSetDefinition.cpp">
      <Filter>Renderer</Filter>
    </ClCompile>
    <ClCompile Include="Renderer\SpriteAnimSet.cpp">
      <Filter>Renderer</Filter>
    </ClCompile>
    <ClCompile Include="Core\HeatMap.cpp">
      <Filter>Core</Filter>
    </ClCompile>
    <ClCompile Include="ThirdParty\SquirrelNoise\RawNoise.cpp">
      <Filter>ThirdParty\SquirrelNoise</Filter>
    </ClCompile>
    <ClCompile Include="ThirdParty\SquirrelNoise\SmoothNoise.cpp">
      <Filter>ThirdParty\SquirrelNoise</Filter>
    </ClCompile>
    <ClCompile Include="Math\CubicSpline.cpp">
      <Filter>Math</Filter>
    </ClCompile>
    <ClCompile Include="Renderer\glFunctions.cpp">
      <Filter>Renderer</Filter>
    </ClCompile>
    <ClCompile Include="Renderer\ShaderProgram.cpp">
      <Filter>Renderer</Filter>
    </ClCompile>
    <ClCompile Include="Renderer\RenderBuffer.cpp">
      <Filter>Renderer</Filter>
    </ClCompile>
    <ClCompile Include="Core\Window.cpp">
      <Filter>Core</Filter>
    </ClCompile>
    <ClCompile Include="Renderer\Sampler.cpp">
      <Filter>Renderer</Filter>
    </ClCompile>
    <ClCompile Include="Math\MatrixStack.cpp">
      <Filter>Math</Filter>
    </ClCompile>
    <ClCompile Include="Core\Command.cpp">
      <Filter>Core</Filter>
    </ClCompile>
    <ClCompile Include="Core\DevConsole.cpp">
      <Filter>Core</Filter>
    </ClCompile>
    <ClCompile Include="File\File.cpp">
      <Filter>File</Filter>
    </ClCompile>
    <ClCompile Include="Renderer\Camera.cpp">
      <Filter>Renderer</Filter>
    </ClCompile>
    <ClCompile Include="Renderer\FrameBuffer.cpp">
      <Filter>Renderer</Filter>
    </ClCompile>
    <ClCompile Include="Math\IntVector3.cpp">
      <Filter>Math</Filter>
    </ClCompile>
    <ClCompile Include="Renderer\OrbitCamera.cpp">
      <Filter>Renderer</Filter>
    </ClCompile>
    <ClCompile Include="ThirdParty\stb_write.c">
      <Filter>ThirdParty</Filter>
    </ClCompile>
    <ClCompile Include="Core\Clock.cpp">
      <Filter>Core</Filter>
    </ClCompile>
    <ClCompile Include="Core\Stopwatch.cpp">
      <Filter>Core</Filter>
    </ClCompile>
    <ClCompile Include="Renderer\Sprite.cpp">
      <Filter>Renderer</Filter>
    </ClCompile>
    <ClCompile Include="Math\Trajectory.cpp">
      <Filter>Math</Filter>
    </ClCompile>
    <ClCompile Include="Renderer\Mesh.cpp">
      <Filter>Renderer</Filter>
    </ClCompile>
    <ClCompile Include="Renderer\MeshBuilder.cpp">
      <Filter>Renderer</Filter>
    </ClCompile>
    <ClCompile Include="Input\Mouse.cpp">
      <Filter>Input</Filter>
    </ClCompile>
    <ClCompile Include="Core\Transform.cpp">
      <Filter>Core</Filter>
    </ClCompile>
    <ClCompile Include="Debug\DebugRender.cpp">
      <Filter>Debug</Filter>
    </ClCompile>
    <ClCompile Include="Debug\DebugRenderTask.cpp">
      <Filter>Debug</Filter>
    </ClCompile>
    <ClCompile Include="Math\Vector4.cpp">
      <Filter>Math</Filter>
    </ClCompile>
    <ClCompile Include="Renderer\VertexLayout.cpp">
      <Filter>Renderer</Filter>
    </ClCompile>
    <ClCompile Include="Renderer\VertexPCU.cpp">
      <Filter>Renderer</Filter>
    </ClCompile>
    <ClCompile Include="Renderer\VertexLit.cpp">
      <Filter>Renderer</Filter>
    </ClCompile>
    <ClCompile Include="Renderer\Shader.cpp">
      <Filter>Renderer</Filter>
    </ClCompile>
    <ClCompile Include="Renderer\RendererTypes.cpp">
      <Filter>Renderer</Filter>
    </ClCompile>
    <ClCompile Include="Renderer\UniformBuffer.cpp">
      <Filter>Renderer</Filter>
    </ClCompile>
    <ClCompile Include="ThirdParty\mikkt\mikktspace.c">
      <Filter>ThirdParty\mikkt</Filter>
    </ClCompile>
    <ClCompile Include="Renderer\Light.cpp">
      <Filter>Renderer</Filter>
    </ClCompile>
    <ClCompile Include="Renderer\Material\Material.cpp">
      <Filter>Renderer\Material</Filter>
    </ClCompile>
    <ClCompile Include="Renderer\Material\PropertyBlock.cpp">
      <Filter>Renderer\Material</Filter>
    </ClCompile>
    <ClCompile Include="Renderer\ForwardRenderingPath.cpp">
      <Filter>Renderer</Filter>
    </ClCompile>
    <ClCompile Include="Renderer\Renderable.cpp">
      <Filter>Renderer</Filter>
    </ClCompile>
    <ClCompile Include="Renderer\RenderScene.cpp">
      <Filter>Renderer</Filter>
    </ClCompile>
    <ClCompile Include="Renderer\TextureCube.cpp">
      <Filter>Renderer</Filter>
    </ClCompile>
    <ClCompile Include="Renderer\ParticleEmitter.cpp">
      <Filter>Renderer</Filter>
    </ClCompile>
    <ClCompile Include="Renderer\ParticleSystem.cpp">
      <Filter>Renderer</Filter>
    </ClCompile>
    <ClCompile Include="Renderer\Skybox.cpp">
      <Filter>Renderer</Filter>
    </ClCompile>
    <ClCompile Include="UI\Canvas.cpp">
      <Filter>UI</Filter>
    </ClCompile>
    <ClCompile Include="UI\Button.cpp">
      <Filter>UI</Filter>
    </ClCompile>
    <ClCompile Include="UI\CanvasElement.cpp">
      <Filter>UI</Filter>
    </ClCompile>
    <ClCompile Include="Math\Plane.cpp">
      <Filter>Math</Filter>
    </ClCompile>
    <ClCompile Include="Math\AABB3.cpp">
      <Filter>Math</Filter>
    </ClCompile>
    <ClCompile Include="Math\Contact.cpp">
      <Filter>Physics</Filter>
    </ClCompile>
    <ClCompile Include="UI\CanvasGroup.cpp">
      <Filter>UI</Filter>
    </ClCompile>
    <ClCompile Include="UI\ImageUI.cpp">
      <Filter>UI</Filter>
    </ClCompile>
    <ClCompile Include="UI\TextUI.cpp">
      <Filter>UI</Filter>
    </ClCompile>
    <ClCompile Include="Audio\AudioGroup.cpp">
      <Filter>Audio</Filter>
    </ClCompile>
    <ClCompile Include="Profiler\Profiler.cpp">
      <Filter>Profiler</Filter>
    </ClCompile>
    <ClCompile Include="Profiler\ProfilerReport.cpp">
      <Filter>Profiler</Filter>
    </ClCompile>
    <ClCompile Include="Profiler\ProfilerReportEntry.cpp">
      <Filter>Profiler</Filter>
    </ClCompile>
    <ClCompile Include="Profiler\ProfilerView.cpp">
      <Filter>Profiler</Filter>
    </ClCompile>
  </ItemGroup>
  <ItemGroup>
    <ClInclude Include="Math\Vector2.hpp">
      <Filter>Math</Filter>
    </ClInclude>
    <ClInclude Include="Math\MathUtils.hpp">
      <Filter>Math</Filter>
    </ClInclude>
    <ClInclude Include="Math\AABB2.hpp">
      <Filter>Math</Filter>
    </ClInclude>
    <ClInclude Include="Math\Disc2.hpp">
      <Filter>Math</Filter>
    </ClInclude>
    <ClInclude Include="Core\Time.hpp">
      <Filter>Core</Filter>
    </ClInclude>
    <ClInclude Include="Core\Rgba.hpp">
      <Filter>Core</Filter>
    </ClInclude>
    <ClInclude Include="Renderer\Renderer.hpp">
      <Filter>Renderer</Filter>
    </ClInclude>
    <ClInclude Include="Input\InputSystem.hpp">
      <Filter>Input</Filter>
    </ClInclude>
    <ClInclude Include="Input\XboxController.hpp">
      <Filter>Input</Filter>
    </ClInclude>
    <ClInclude Include="Input\KeyButtonState.hpp">
      <Filter>Input</Filter>
    </ClInclude>
    <ClInclude Include="Input\AnalogJoyStick.hpp">
      <Filter>Input</Filter>
    </ClInclude>
    <ClInclude Include="Math\IntVector2.hpp">
      <Filter>Math</Filter>
    </ClInclude>
    <ClInclude Include="ThirdParty\stb_image.h">
      <Filter>ThirdParty</Filter>
    </ClInclude>
    <ClInclude Include="Renderer\Texture.hpp">
      <Filter>Renderer</Filter>
    </ClInclude>
    <ClInclude Include="Renderer\SpriteSheet.hpp">
      <Filter>Renderer</Filter>
    </ClInclude>
    <ClInclude Include="Math\IntRange.hpp">
      <Filter>Math</Filter>
    </ClInclude>
    <ClInclude Include="Math\FloatRange.hpp">
      <Filter>Math</Filter>
    </ClInclude>
    <ClInclude Include="Audio\AudioSystem.hpp">
      <Filter>Audio</Filter>
    </ClInclude>
    <ClInclude Include="ThirdParty\fmod\fmod.h">
      <Filter>ThirdParty\fmod</Filter>
    </ClInclude>
    <ClInclude Include="ThirdParty\fmod\fmod.hpp">
      <Filter>ThirdParty\fmod</Filter>
    </ClInclude>
    <ClInclude Include="ThirdParty\fmod\fmod_codec.h">
      <Filter>ThirdParty\fmod</Filter>
    </ClInclude>
    <ClInclude Include="ThirdParty\fmod\fmod_common.h">
      <Filter>ThirdParty\fmod</Filter>
    </ClInclude>
    <ClInclude Include="ThirdParty\fmod\fmod_dsp.h">
      <Filter>ThirdParty\fmod</Filter>
    </ClInclude>
    <ClInclude Include="ThirdParty\fmod\fmod_dsp_effects.h">
      <Filter>ThirdParty\fmod</Filter>
    </ClInclude>
    <ClInclude Include="ThirdParty\fmod\fmod_errors.h">
      <Filter>ThirdParty\fmod</Filter>
    </ClInclude>
    <ClInclude Include="ThirdParty\fmod\fmod_output.h">
      <Filter>ThirdParty\fmod</Filter>
    </ClInclude>
    <ClInclude Include="Core\ErrorWarningAssert.hpp">
      <Filter>Core</Filter>
    </ClInclude>
    <ClInclude Include="Core\StringUtils.hpp">
      <Filter>Core</Filter>
    </ClInclude>
    <ClInclude Include="Core\EngineCommon.hpp">
      <Filter>Core</Filter>
    </ClInclude>
    <ClInclude Include="ThirdParty\tinyxml2.h">
      <Filter>ThirdParty</Filter>
    </ClInclude>
    <ClInclude Include="Core\XmlUtilities.hpp">
      <Filter>Core</Filter>
    </ClInclude>
    <ClInclude Include="Core\Blackboard.hpp">
      <Filter>Core</Filter>
    </ClInclude>
    <ClInclude Include="Renderer\BitmapFont.hpp">
      <Filter>Renderer</Filter>
    </ClInclude>
    <ClInclude Include="Math\Matrix44.hpp">
      <Filter>Math</Filter>
    </ClInclude>
    <ClInclude Include="Math\Vector3.hpp">
      <Filter>Math</Filter>
    </ClInclude>
    <ClInclude Include="Renderer\SpriteAnim.hpp">
      <Filter>Renderer</Filter>
    </ClInclude>
    <ClInclude Include="Renderer\SpriteAnimDefinition.hpp">
      <Filter>Renderer</Filter>
    </ClInclude>
    <ClInclude Include="Renderer\SpriteAnimSetDefinition.hpp">
      <Filter>Renderer</Filter>
    </ClInclude>
    <ClInclude Include="Renderer\SpriteAnimSet.hpp">
      <Filter>Renderer</Filter>
    </ClInclude>
    <ClInclude Include="Core\HeatMap.hpp">
      <Filter>Core</Filter>
    </ClInclude>
    <ClInclude Include="ThirdParty\SquirrelNoise\RawNoise.hpp">
      <Filter>ThirdParty\SquirrelNoise</Filter>
    </ClInclude>
    <ClInclude Include="ThirdParty\SquirrelNoise\SmoothNoise.hpp">
      <Filter>ThirdParty\SquirrelNoise</Filter>
    </ClInclude>
    <ClInclude Include="Math\CubicSpline.hpp">
      <Filter>Math</Filter>
    </ClInclude>
    <ClInclude Include="Renderer\glFunctions.hpp">
      <Filter>Renderer</Filter>
    </ClInclude>
    <ClInclude Include="ThirdParty\gl\glcorearb.h">
      <Filter>ThirdParty\gl</Filter>
    </ClInclude>
    <ClInclude Include="ThirdParty\gl\glext.h">
      <Filter>ThirdParty\gl</Filter>
    </ClInclude>
    <ClInclude Include="ThirdParty\gl\wglext.h">
      <Filter>ThirdParty\gl</Filter>
    </ClInclude>
    <ClInclude Include="Renderer\ShaderProgram.hpp">
      <Filter>Renderer</Filter>
    </ClInclude>
    <ClInclude Include="Renderer\RenderBuffer.hpp">
      <Filter>Renderer</Filter>
    </ClInclude>
    <ClInclude Include="Core\Window.hpp">
      <Filter>Core</Filter>
    </ClInclude>
    <ClInclude Include="Renderer\Sampler.hpp">
      <Filter>Renderer</Filter>
    </ClInclude>
    <ClInclude Include="Math\MatrixStack.hpp">
      <Filter>Math</Filter>
    </ClInclude>
    <ClInclude Include="Core\Command.hpp">
      <Filter>Core</Filter>
    </ClInclude>
    <ClInclude Include="Core\DevConsole.hpp">
      <Filter>Core</Filter>
    </ClInclude>
    <ClInclude Include="File\File.hpp">
      <Filter>File</Filter>
    </ClInclude>
    <ClInclude Include="Renderer\Camera.hpp">
      <Filter>Renderer</Filter>
    </ClInclude>
    <ClInclude Include="Renderer\FrameBuffer.hpp">
      <Filter>Renderer</Filter>
    </ClInclude>
    <ClInclude Include="Math\IntVector3.hpp">
      <Filter>Math</Filter>
    </ClInclude>
    <ClInclude Include="Renderer\OrbitCamera.hpp">
      <Filter>Renderer</Filter>
    </ClInclude>
    <ClInclude Include="ThirdParty\stb_write.h">
      <Filter>ThirdParty</Filter>
    </ClInclude>
    <ClInclude Include="Core\Clock.hpp">
      <Filter>Core</Filter>
    </ClInclude>
    <ClInclude Include="Core\Stopwatch.hpp">
      <Filter>Core</Filter>
    </ClInclude>
    <ClInclude Include="Renderer\Sprite.hpp">
      <Filter>Renderer</Filter>
    </ClInclude>
    <ClInclude Include="Math\Trajectory.hpp">
      <Filter>Math</Filter>
    </ClInclude>
    <ClInclude Include="Renderer\Mesh.hpp">
      <Filter>Renderer</Filter>
    </ClInclude>
    <ClInclude Include="Renderer\MeshBuilder.hpp">
      <Filter>Renderer</Filter>
    </ClInclude>
    <ClInclude Include="Input\Mouse.hpp">
      <Filter>Input</Filter>
    </ClInclude>
    <ClInclude Include="Core\Transform.hpp">
      <Filter>Core</Filter>
    </ClInclude>
    <ClInclude Include="Debug\DebugRender.hpp">
      <Filter>Debug</Filter>
    </ClInclude>
    <ClInclude Include="Debug\DebugRenderTask.hpp">
      <Filter>Debug</Filter>
    </ClInclude>
    <ClInclude Include="Debug\DebugRenderTask_Quad_2D.hpp">
      <Filter>Debug</Filter>
    </ClInclude>
    <ClInclude Include="Debug\DebugRenderTask_Line_2D.hpp">
      <Filter>Debug</Filter>
    </ClInclude>
    <ClInclude Include="Debug\DebugRenderTask_Text_2D.hpp">
      <Filter>Debug</Filter>
    </ClInclude>
    <ClInclude Include="Debug\RenderDebugTask_Point.hpp">
      <Filter>Debug</Filter>
    </ClInclude>
    <ClInclude Include="Debug\RenderDebugTask_LineSegment.hpp">
      <Filter>Debug</Filter>
    </ClInclude>
    <ClInclude Include="Debug\RenderDebugTask_Basis.hpp">
      <Filter>Debug</Filter>
    </ClInclude>
    <ClInclude Include="Debug\RenderDebugTask_Sphere.hpp">
      <Filter>Debug</Filter>
    </ClInclude>
    <ClInclude Include="Debug\RenderDebugTask_WireAABB3.hpp">
      <Filter>Debug</Filter>
    </ClInclude>
    <ClInclude Include="Debug\RenderDebugTask_Quad.hpp">
      <Filter>Debug</Filter>
    </ClInclude>
    <ClInclude Include="Math\Vector4.hpp">
      <Filter>Math</Filter>
    </ClInclude>
    <ClInclude Include="Renderer\VertexPCU.hpp">
      <Filter>Renderer</Filter>
    </ClInclude>
    <ClInclude Include="Renderer\VertexLayout.hpp">
      <Filter>Renderer</Filter>
    </ClInclude>
    <ClInclude Include="Renderer\VertexBuilder.hpp">
      <Filter>Renderer</Filter>
    </ClInclude>
    <ClInclude Include="Renderer\VertexLit.hpp">
      <Filter>Renderer</Filter>
    </ClInclude>
    <ClInclude Include="Renderer\RendererTypes.hpp">
      <Filter>Renderer</Filter>
    </ClInclude>
    <ClInclude Include="Renderer\Shader.hpp">
      <Filter>Renderer</Filter>
    </ClInclude>
    <ClInclude Include="Renderer\UniformBuffer.hpp">
      <Filter>Renderer</Filter>
    </ClInclude>
    <ClInclude Include="ThirdParty\mikkt\mikktspace.h">
      <Filter>ThirdParty\mikkt</Filter>
    </ClInclude>
    <ClInclude Include="Renderer\Light.hpp">
      <Filter>Renderer</Filter>
    </ClInclude>
    <ClInclude Include="Renderer\Material\Material.hpp">
      <Filter>Renderer\Material</Filter>
    </ClInclude>
    <ClInclude Include="Renderer\Material\MaterialProperty.hpp">
      <Filter>Renderer\Material</Filter>
    </ClInclude>
    <ClInclude Include="Renderer\Material\MaterialPropertyFloat.hpp">
      <Filter>Renderer\Material</Filter>
    </ClInclude>
    <ClInclude Include="Renderer\Material\MaterialPropertyVector2.hpp">
      <Filter>Renderer\Material</Filter>
    </ClInclude>
    <ClInclude Include="Renderer\Material\MaterialPropertyVector3.hpp">
      <Filter>Renderer\Material</Filter>
    </ClInclude>
    <ClInclude Include="Renderer\Material\MaterialPropertySpecular.hpp">
      <Filter>Renderer\Material</Filter>
    </ClInclude>
    <ClInclude Include="Renderer\Material\MaterialPropertyVector4.hpp">
      <Filter>Renderer\Material</Filter>
    </ClInclude>
    <ClInclude Include="Renderer\Material\PropertyBlock.hpp">
      <Filter>Renderer\Material</Filter>
    </ClInclude>
    <ClInclude Include="Core\STL_Utils.hpp">
      <Filter>Core</Filter>
    </ClInclude>
    <ClInclude Include="Renderer\ForwardRenderingPath.hpp">
      <Filter>Renderer</Filter>
    </ClInclude>
    <ClInclude Include="Renderer\Renderable.hpp">
      <Filter>Renderer</Filter>
    </ClInclude>
    <ClInclude Include="Renderer\RenderScene.hpp">
      <Filter>Renderer</Filter>
    </ClInclude>
    <ClInclude Include="Renderer\TextureCube.hpp">
      <Filter>Renderer</Filter>
    </ClInclude>
    <ClInclude Include="Core\Image.hpp">
      <Filter>Core</Filter>
    </ClInclude>
    <ClInclude Include="Renderer\ParticleEmitter.hpp">
      <Filter>Renderer</Filter>
    </ClInclude>
    <ClInclude Include="Renderer\ParticleSystem.hpp">
      <Filter>Renderer</Filter>
    </ClInclude>
    <ClInclude Include="Renderer\Skybox.hpp">
      <Filter>Renderer</Filter>
    </ClInclude>
    <ClInclude Include="UI\Canvas.hpp">
      <Filter>UI</Filter>
    </ClInclude>
    <ClInclude Include="UI\Button.hpp">
      <Filter>UI</Filter>
    </ClInclude>
    <ClInclude Include="UI\CanvasElement.hpp">
      <Filter>UI</Filter>
    </ClInclude>
    <ClInclude Include="Physics\Contact.hpp">
      <Filter>Physics</Filter>
    </ClInclude>
    <ClInclude Include="Math\Plane.hpp">
      <Filter>Math</Filter>
    </ClInclude>
    <ClInclude Include="Math\Ray.hpp">
      <Filter>Math</Filter>
    </ClInclude>
    <ClInclude Include="Math\AABB3.hpp">
      <Filter>Math</Filter>
    </ClInclude>
    <ClInclude Include="UI\CanvasGroup.hpp">
      <Filter>UI</Filter>
    </ClInclude>
    <ClInclude Include="UI\ImageUI.hpp">
      <Filter>UI</Filter>
    </ClInclude>
    <ClInclude Include="UI\TextUI.hpp">
      <Filter>UI</Filter>
    </ClInclude>
    <ClInclude Include="Audio\AudioGroup.hpp">
      <Filter>Audio</Filter>
    </ClInclude>
    <ClInclude Include="Profiler\Profiler.hpp">
      <Filter>Profiler</Filter>
    </ClInclude>
    <ClInclude Include="Profiler\ProfilerReport.hpp">
      <Filter>Profiler</Filter>
    </ClInclude>
    <ClInclude Include="Profiler\ProfilerReportEntry.hpp">
      <Filter>Profiler</Filter>
    </ClInclude>
    <ClInclude Include="Profiler\ProfileLogScoped.hpp">
      <Filter>Profiler</Filter>
    </ClInclude>
    <ClInclude Include="Core\PageAllocator.hpp">
      <Filter>Core</Filter>
    </ClInclude>
    <ClInclude Include="Profiler\ProfilerView.hpp">
      <Filter>Profiler</Filter>
    </ClInclude>
  </ItemGroup>
  <ItemGroup>
    <Library Include="ThirdParty\fmod\fmod_vc.lib">
      <Filter>ThirdParty\fmod</Filter>
    </Library>
    <Library Include="ThirdParty\fmod\fmod64_vc.lib">
      <Filter>ThirdParty\fmod</Filter>
    </Library>
  </ItemGroup>
</Project>